// !$*UTF8*$!
{
	archiveVersion = 1;
	classes = {
	};
	objectVersion = 55;
	objects = {

/* Begin PBXBuildFile section */
		EB0079E9284C958E0034B3A8 /* SwiftUIWebView in Frameworks */ = {isa = PBXBuildFile; productRef = EB0079E8284C958E0034B3A8 /* SwiftUIWebView */; };
		EB42F47D284BC8EB004C82D7 /* Introspect in Frameworks */ = {isa = PBXBuildFile; productRef = EB42F47C284BC8EB004C82D7 /* Introspect */; };
		EB42F47F284BD50F004C82D7 /* NoteNew.swift in Sources */ = {isa = PBXBuildFile; fileRef = EB42F47E284BD50F004C82D7 /* NoteNew.swift */; };
		EB42F481284BE195004C82D7 /* NoteList.swift in Sources */ = {isa = PBXBuildFile; fileRef = EB42F480284BE195004C82D7 /* NoteList.swift */; };
		EB6EADFE2852EE2E0007BEA5 /* test.swift in Sources */ = {isa = PBXBuildFile; fileRef = EB6EADFD2852EE2E0007BEA5 /* test.swift */; };
		EB85CFD02848A52C00A82BA6 /* WebView.swift in Sources */ = {isa = PBXBuildFile; fileRef = EB85CFCF2848A52C00A82BA6 /* WebView.swift */; };
		EB8DAD2C28507D65000506D1 /* FavListView.swift in Sources */ = {isa = PBXBuildFile; fileRef = EB8DAD2B28507D65000506D1 /* FavListView.swift */; };
		EB936FAE28454A38003EDC7B /* Task_a_LyzerApp.swift in Sources */ = {isa = PBXBuildFile; fileRef = EB936FAD28454A38003EDC7B /* Task_a_LyzerApp.swift */; };
		EB936FB028454A38003EDC7B /* ContentView.swift in Sources */ = {isa = PBXBuildFile; fileRef = EB936FAF28454A38003EDC7B /* ContentView.swift */; };
		EB936FB228454A3C003EDC7B /* Assets.xcassets in Resources */ = {isa = PBXBuildFile; fileRef = EB936FB128454A3C003EDC7B /* Assets.xcassets */; };
		EB936FB528454A3C003EDC7B /* Preview Assets.xcassets in Resources */ = {isa = PBXBuildFile; fileRef = EB936FB428454A3C003EDC7B /* Preview Assets.xcassets */; };
		EBBFF53828532349001FB17A /* SafariWebView.swift in Sources */ = {isa = PBXBuildFile; fileRef = EBBFF53728532349001FB17A /* SafariWebView.swift */; };
		EBBFF53A28532A80001FB17A /* SubWebView.swift in Sources */ = {isa = PBXBuildFile; fileRef = EBBFF53928532A80001FB17A /* SubWebView.swift */; };
		EBBFF53C2853BF4C001FB17A /* FavList.swift in Sources */ = {isa = PBXBuildFile; fileRef = EBBFF53B2853BF4C001FB17A /* FavList.swift */; };
		EBF86D41284BB82D00D8D069 /* SwiftUIKitView in Frameworks */ = {isa = PBXBuildFile; productRef = EBF86D40284BB82D00D8D069 /* SwiftUIKitView */; };
/* End PBXBuildFile section */

/* Begin PBXFileReference section */
		EB42F47E284BD50F004C82D7 /* NoteNew.swift */ = {isa = PBXFileReference; lastKnownFileType = sourcecode.swift; path = NoteNew.swift; sourceTree = "<group>"; };
		EB42F480284BE195004C82D7 /* NoteList.swift */ = {isa = PBXFileReference; lastKnownFileType = sourcecode.swift; path = NoteList.swift; sourceTree = "<group>"; };
		EB6EADFD2852EE2E0007BEA5 /* test.swift */ = {isa = PBXFileReference; lastKnownFileType = sourcecode.swift; path = test.swift; sourceTree = "<group>"; };
		EB85CFCF2848A52C00A82BA6 /* WebView.swift */ = {isa = PBXFileReference; lastKnownFileType = sourcecode.swift; path = WebView.swift; sourceTree = "<group>"; };
		EB8DAD2B28507D65000506D1 /* FavListView.swift */ = {isa = PBXFileReference; lastKnownFileType = sourcecode.swift; path = FavListView.swift; sourceTree = "<group>"; };
		EB936FAA28454A38003EDC7B /* Task-a-Lyzer.app */ = {isa = PBXFileReference; explicitFileType = wrapper.application; includeInIndex = 0; path = "Task-a-Lyzer.app"; sourceTree = BUILT_PRODUCTS_DIR; };
		EB936FAD28454A38003EDC7B /* Task_a_LyzerApp.swift */ = {isa = PBXFileReference; lastKnownFileType = sourcecode.swift; path = Task_a_LyzerApp.swift; sourceTree = "<group>"; };
		EB936FAF28454A38003EDC7B /* ContentView.swift */ = {isa = PBXFileReference; lastKnownFileType = sourcecode.swift; name = ContentView.swift; path = "Task-a-Lyzer/ContentView.swift"; sourceTree = SOURCE_ROOT; };
		EB936FB128454A3C003EDC7B /* Assets.xcassets */ = {isa = PBXFileReference; lastKnownFileType = folder.assetcatalog; path = Assets.xcassets; sourceTree = "<group>"; };
		EB936FB428454A3C003EDC7B /* Preview Assets.xcassets */ = {isa = PBXFileReference; lastKnownFileType = folder.assetcatalog; path = "Preview Assets.xcassets"; sourceTree = "<group>"; };
		EBBFF53728532349001FB17A /* SafariWebView.swift */ = {isa = PBXFileReference; lastKnownFileType = sourcecode.swift; path = SafariWebView.swift; sourceTree = "<group>"; };
		EBBFF53928532A80001FB17A /* SubWebView.swift */ = {isa = PBXFileReference; lastKnownFileType = sourcecode.swift; path = SubWebView.swift; sourceTree = "<group>"; };
		EBBFF53B2853BF4C001FB17A /* FavList.swift */ = {isa = PBXFileReference; fileEncoding = 4; lastKnownFileType = sourcecode.swift; path = FavList.swift; sourceTree = "<group>"; };
/* End PBXFileReference section */

/* Begin PBXFrameworksBuildPhase section */
		EB936FA728454A38003EDC7B /* Frameworks */ = {
			isa = PBXFrameworksBuildPhase;
			buildActionMask = 2147483647;
			files = (
				EB0079E9284C958E0034B3A8 /* SwiftUIWebView in Frameworks */,
				EBF86D41284BB82D00D8D069 /* SwiftUIKitView in Frameworks */,
				EB42F47D284BC8EB004C82D7 /* Introspect in Frameworks */,
			);
			runOnlyForDeploymentPostprocessing = 0;
		};
/* End PBXFrameworksBuildPhase section */

/* Begin PBXGroup section */
		EB936FA128454A38003EDC7B = {
			isa = PBXGroup;
			children = (
				EB936FAC28454A38003EDC7B /* Task-a-Lyzer */,
				EB936FAB28454A38003EDC7B /* Products */,
			);
			sourceTree = "<group>";
		};
		EB936FAB28454A38003EDC7B /* Products */ = {
			isa = PBXGroup;
			children = (
				EB936FAA28454A38003EDC7B /* Task-a-Lyzer.app */,
			);
			name = Products;
			sourceTree = "<group>";
		};
		EB936FAC28454A38003EDC7B /* Task-a-Lyzer */ = {
			isa = PBXGroup;
			children = (
				EBBFF53B2853BF4C001FB17A /* FavList.swift */,
				EB936FAF28454A38003EDC7B /* ContentView.swift */,
				EB936FAD28454A38003EDC7B /* Task_a_LyzerApp.swift */,
				EB936FB128454A3C003EDC7B /* Assets.xcassets */,
				EB936FB328454A3C003EDC7B /* Preview Content */,
				EB85CFCF2848A52C00A82BA6 /* WebView.swift */,
				EB42F47E284BD50F004C82D7 /* NoteNew.swift */,
				EB42F480284BE195004C82D7 /* NoteList.swift */,
				EB8DAD2B28507D65000506D1 /* FavListView.swift */,
				EB6EADFD2852EE2E0007BEA5 /* test.swift */,
				EBBFF53728532349001FB17A /* SafariWebView.swift */,
				EBBFF53928532A80001FB17A /* SubWebView.swift */,
			);
			path = "Task-a-Lyzer";
			sourceTree = "<group>";
		};
		EB936FB328454A3C003EDC7B /* Preview Content */ = {
			isa = PBXGroup;
			children = (
				EB936FB428454A3C003EDC7B /* Preview Assets.xcassets */,
			);
			path = "Preview Content";
			sourceTree = "<group>";
		};
/* End PBXGroup section */

/* Begin PBXNativeTarget section */
		EB936FA928454A38003EDC7B /* Task-a-Lyzer */ = {
			isa = PBXNativeTarget;
			buildConfigurationList = EB936FB828454A3C003EDC7B /* Build configuration list for PBXNativeTarget "Task-a-Lyzer" */;
			buildPhases = (
				EB936FA628454A38003EDC7B /* Sources */,
				EB936FA728454A38003EDC7B /* Frameworks */,
				EB936FA828454A38003EDC7B /* Resources */,
			);
			buildRules = (
			);
			dependencies = (
			);
			name = "Task-a-Lyzer";
			packageProductDependencies = (
				EBF86D40284BB82D00D8D069 /* SwiftUIKitView */,
				EB42F47C284BC8EB004C82D7 /* Introspect */,
				EB0079E8284C958E0034B3A8 /* SwiftUIWebView */,
			);
			productName = "Task-a-Lyzer";
			productReference = EB936FAA28454A38003EDC7B /* Task-a-Lyzer.app */;
			productType = "com.apple.product-type.application";
		};
/* End PBXNativeTarget section */

/* Begin PBXProject section */
		EB936FA228454A38003EDC7B /* Project object */ = {
			isa = PBXProject;
			attributes = {
				BuildIndependentTargetsInParallel = 1;
				LastSwiftUpdateCheck = 1330;
				LastUpgradeCheck = 1330;
				TargetAttributes = {
					EB936FA928454A38003EDC7B = {
						CreatedOnToolsVersion = 13.3;
					};
				};
			};
			buildConfigurationList = EB936FA528454A38003EDC7B /* Build configuration list for PBXProject "Task-a-Lyzer" */;
			compatibilityVersion = "Xcode 13.0";
			developmentRegion = en;
			hasScannedForEncodings = 0;
			knownRegions = (
				en,
				Base,
			);
			mainGroup = EB936FA128454A38003EDC7B;
			packageReferences = (
				EBF86D3F284BB82D00D8D069 /* XCRemoteSwiftPackageReference "SwiftUIKitView" */,
				EB42F47B284BC8EB004C82D7 /* XCRemoteSwiftPackageReference "SwiftUI-Introspect" */,
				EB0079E7284C958E0034B3A8 /* XCRemoteSwiftPackageReference "swiftui-webview" */,
			);
			productRefGroup = EB936FAB28454A38003EDC7B /* Products */;
			projectDirPath = "";
			projectRoot = "";
			targets = (
				EB936FA928454A38003EDC7B /* Task-a-Lyzer */,
			);
		};
/* End PBXProject section */

/* Begin PBXResourcesBuildPhase section */
		EB936FA828454A38003EDC7B /* Resources */ = {
			isa = PBXResourcesBuildPhase;
			buildActionMask = 2147483647;
			files = (
				EB936FB528454A3C003EDC7B /* Preview Assets.xcassets in Resources */,
				EB936FB228454A3C003EDC7B /* Assets.xcassets in Resources */,
			);
			runOnlyForDeploymentPostprocessing = 0;
		};
/* End PBXResourcesBuildPhase section */

/* Begin PBXSourcesBuildPhase section */
		EB936FA628454A38003EDC7B /* Sources */ = {
			isa = PBXSourcesBuildPhase;
			buildActionMask = 2147483647;
			files = (
				EB85CFD02848A52C00A82BA6 /* WebView.swift in Sources */,
				EB936FB028454A38003EDC7B /* ContentView.swift in Sources */,
				EB936FAE28454A38003EDC7B /* Task_a_LyzerApp.swift in Sources */,
				EB8DAD2C28507D65000506D1 /* FavListView.swift in Sources */,
				EBBFF53A28532A80001FB17A /* SubWebView.swift in Sources */,
				EBBFF53C2853BF4C001FB17A /* FavList.swift in Sources */,
				EB6EADFE2852EE2E0007BEA5 /* test.swift in Sources */,
				EB42F47F284BD50F004C82D7 /* NoteNew.swift in Sources */,
				EB42F481284BE195004C82D7 /* NoteList.swift in Sources */,
				EBBFF53828532349001FB17A /* SafariWebView.swift in Sources */,
			);
			runOnlyForDeploymentPostprocessing = 0;
		};
/* End PBXSourcesBuildPhase section */

/* Begin XCBuildConfiguration section */
		EB936FB628454A3C003EDC7B /* Debug */ = {
			isa = XCBuildConfiguration;
			buildSettings = {
				ALWAYS_SEARCH_USER_PATHS = NO;
				CLANG_ANALYZER_NONNULL = YES;
				CLANG_ANALYZER_NUMBER_OBJECT_CONVERSION = YES_AGGRESSIVE;
				CLANG_CXX_LANGUAGE_STANDARD = "gnu++17";
				CLANG_ENABLE_MODULES = YES;
				CLANG_ENABLE_OBJC_ARC = YES;
				CLANG_ENABLE_OBJC_WEAK = YES;
				CLANG_WARN_BLOCK_CAPTURE_AUTORELEASING = YES;
				CLANG_WARN_BOOL_CONVERSION = YES;
				CLANG_WARN_COMMA = YES;
				CLANG_WARN_CONSTANT_CONVERSION = YES;
				CLANG_WARN_DEPRECATED_OBJC_IMPLEMENTATIONS = YES;
				CLANG_WARN_DIRECT_OBJC_ISA_USAGE = YES_ERROR;
				CLANG_WARN_DOCUMENTATION_COMMENTS = YES;
				CLANG_WARN_EMPTY_BODY = YES;
				CLANG_WARN_ENUM_CONVERSION = YES;
				CLANG_WARN_INFINITE_RECURSION = YES;
				CLANG_WARN_INT_CONVERSION = YES;
				CLANG_WARN_NON_LITERAL_NULL_CONVERSION = YES;
				CLANG_WARN_OBJC_IMPLICIT_RETAIN_SELF = YES;
				CLANG_WARN_OBJC_LITERAL_CONVERSION = YES;
				CLANG_WARN_OBJC_ROOT_CLASS = YES_ERROR;
				CLANG_WARN_QUOTED_INCLUDE_IN_FRAMEWORK_HEADER = YES;
				CLANG_WARN_RANGE_LOOP_ANALYSIS = YES;
				CLANG_WARN_STRICT_PROTOTYPES = YES;
				CLANG_WARN_SUSPICIOUS_MOVE = YES;
				CLANG_WARN_UNGUARDED_AVAILABILITY = YES_AGGRESSIVE;
				CLANG_WARN_UNREACHABLE_CODE = YES;
				CLANG_WARN__DUPLICATE_METHOD_MATCH = YES;
				COPY_PHASE_STRIP = NO;
				DEBUG_INFORMATION_FORMAT = dwarf;
				ENABLE_STRICT_OBJC_MSGSEND = YES;
				ENABLE_TESTABILITY = YES;
				GCC_C_LANGUAGE_STANDARD = gnu11;
				GCC_DYNAMIC_NO_PIC = NO;
				GCC_NO_COMMON_BLOCKS = YES;
				GCC_OPTIMIZATION_LEVEL = 0;
				GCC_PREPROCESSOR_DEFINITIONS = (
					"DEBUG=1",
					"$(inherited)",
				);
				GCC_WARN_64_TO_32_BIT_CONVERSION = YES;
				GCC_WARN_ABOUT_RETURN_TYPE = YES_ERROR;
				GCC_WARN_UNDECLARED_SELECTOR = YES;
				GCC_WARN_UNINITIALIZED_AUTOS = YES_AGGRESSIVE;
				GCC_WARN_UNUSED_FUNCTION = YES;
				GCC_WARN_UNUSED_VARIABLE = YES;
				INFOPLIST_KEY_LSSupportsOpeningDocumentsInPlace = YES;
				IPHONEOS_DEPLOYMENT_TARGET = 15.4;
				MTL_ENABLE_DEBUG_INFO = INCLUDE_SOURCE;
				MTL_FAST_MATH = YES;
				ONLY_ACTIVE_ARCH = YES;
				SDKROOT = iphoneos;
				SWIFT_ACTIVE_COMPILATION_CONDITIONS = DEBUG;
				SWIFT_OPTIMIZATION_LEVEL = "-Onone";
			};
			name = Debug;
		};
		EB936FB728454A3C003EDC7B /* Release */ = {
			isa = XCBuildConfiguration;
			buildSettings = {
				ALWAYS_SEARCH_USER_PATHS = NO;
				CLANG_ANALYZER_NONNULL = YES;
				CLANG_ANALYZER_NUMBER_OBJECT_CONVERSION = YES_AGGRESSIVE;
				CLANG_CXX_LANGUAGE_STANDARD = "gnu++17";
				CLANG_ENABLE_MODULES = YES;
				CLANG_ENABLE_OBJC_ARC = YES;
				CLANG_ENABLE_OBJC_WEAK = YES;
				CLANG_WARN_BLOCK_CAPTURE_AUTORELEASING = YES;
				CLANG_WARN_BOOL_CONVERSION = YES;
				CLANG_WARN_COMMA = YES;
				CLANG_WARN_CONSTANT_CONVERSION = YES;
				CLANG_WARN_DEPRECATED_OBJC_IMPLEMENTATIONS = YES;
				CLANG_WARN_DIRECT_OBJC_ISA_USAGE = YES_ERROR;
				CLANG_WARN_DOCUMENTATION_COMMENTS = YES;
				CLANG_WARN_EMPTY_BODY = YES;
				CLANG_WARN_ENUM_CONVERSION = YES;
				CLANG_WARN_INFINITE_RECURSION = YES;
				CLANG_WARN_INT_CONVERSION = YES;
				CLANG_WARN_NON_LITERAL_NULL_CONVERSION = YES;
				CLANG_WARN_OBJC_IMPLICIT_RETAIN_SELF = YES;
				CLANG_WARN_OBJC_LITERAL_CONVERSION = YES;
				CLANG_WARN_OBJC_ROOT_CLASS = YES_ERROR;
				CLANG_WARN_QUOTED_INCLUDE_IN_FRAMEWORK_HEADER = YES;
				CLANG_WARN_RANGE_LOOP_ANALYSIS = YES;
				CLANG_WARN_STRICT_PROTOTYPES = YES;
				CLANG_WARN_SUSPICIOUS_MOVE = YES;
				CLANG_WARN_UNGUARDED_AVAILABILITY = YES_AGGRESSIVE;
				CLANG_WARN_UNREACHABLE_CODE = YES;
				CLANG_WARN__DUPLICATE_METHOD_MATCH = YES;
				COPY_PHASE_STRIP = NO;
				DEBUG_INFORMATION_FORMAT = "dwarf-with-dsym";
				ENABLE_NS_ASSERTIONS = NO;
				ENABLE_STRICT_OBJC_MSGSEND = YES;
				GCC_C_LANGUAGE_STANDARD = gnu11;
				GCC_NO_COMMON_BLOCKS = YES;
				GCC_WARN_64_TO_32_BIT_CONVERSION = YES;
				GCC_WARN_ABOUT_RETURN_TYPE = YES_ERROR;
				GCC_WARN_UNDECLARED_SELECTOR = YES;
				GCC_WARN_UNINITIALIZED_AUTOS = YES_AGGRESSIVE;
				GCC_WARN_UNUSED_FUNCTION = YES;
				GCC_WARN_UNUSED_VARIABLE = YES;
				INFOPLIST_KEY_LSSupportsOpeningDocumentsInPlace = YES;
				IPHONEOS_DEPLOYMENT_TARGET = 15.4;
				MTL_ENABLE_DEBUG_INFO = NO;
				MTL_FAST_MATH = YES;
				SDKROOT = iphoneos;
				SWIFT_COMPILATION_MODE = wholemodule;
				SWIFT_OPTIMIZATION_LEVEL = "-O";
				VALIDATE_PRODUCT = YES;
			};
			name = Release;
		};
		EB936FB928454A3C003EDC7B /* Debug */ = {
			isa = XCBuildConfiguration;
			buildSettings = {
				ASSETCATALOG_COMPILER_APPICON_NAME = AppIcon;
				ASSETCATALOG_COMPILER_GLOBAL_ACCENT_COLOR_NAME = AccentColor;
				CODE_SIGN_STYLE = Automatic;
				CURRENT_PROJECT_VERSION = 1;
				DEVELOPMENT_ASSET_PATHS = "\"Task-a-Lyzer/Preview Content\"";
				DEVELOPMENT_TEAM = 294AAF9P9D;
				ENABLE_PREVIEWS = YES;
				GENERATE_INFOPLIST_FILE = YES;
				INFOPLIST_KEY_LSSupportsOpeningDocumentsInPlace = YES;
				INFOPLIST_KEY_UIApplicationSceneManifest_Generation = YES;
				INFOPLIST_KEY_UIApplicationSupportsIndirectInputEvents = YES;
				INFOPLIST_KEY_UILaunchScreen_Generation = YES;
				INFOPLIST_KEY_UISupportedInterfaceOrientations_iPad = "UIInterfaceOrientationPortrait UIInterfaceOrientationPortraitUpsideDown UIInterfaceOrientationLandscapeLeft UIInterfaceOrientationLandscapeRight";
				INFOPLIST_KEY_UISupportedInterfaceOrientations_iPhone = "UIInterfaceOrientationPortrait UIInterfaceOrientationLandscapeLeft UIInterfaceOrientationLandscapeRight";
				INFOPLIST_KEY_UIUserInterfaceStyle = Light;
				LD_RUNPATH_SEARCH_PATHS = (
					"$(inherited)",
					"@executable_path/Frameworks",
				);
				MARKETING_VERSION = 1.0;
				NEW_SETTING = "";
				PRODUCT_BUNDLE_IDENTIFIER = "starryfields.com.Task-a-Lyzer";
				PRODUCT_NAME = "$(TARGET_NAME)";
				SWIFT_EMIT_LOC_STRINGS = YES;
				SWIFT_VERSION = 5.0;
				TARGETED_DEVICE_FAMILY = "1,2";
			};
			name = Debug;
		};
		EB936FBA28454A3C003EDC7B /* Release */ = {
			isa = XCBuildConfiguration;
			buildSettings = {
				ASSETCATALOG_COMPILER_APPICON_NAME = AppIcon;
				ASSETCATALOG_COMPILER_GLOBAL_ACCENT_COLOR_NAME = AccentColor;
				CODE_SIGN_STYLE = Automatic;
				CURRENT_PROJECT_VERSION = 1;
				DEVELOPMENT_ASSET_PATHS = "\"Task-a-Lyzer/Preview Content\"";
				DEVELOPMENT_TEAM = 294AAF9P9D;
				ENABLE_PREVIEWS = YES;
				GENERATE_INFOPLIST_FILE = YES;
				INFOPLIST_KEY_LSSupportsOpeningDocumentsInPlace = YES;
				INFOPLIST_KEY_UIApplicationSceneManifest_Generation = YES;
				INFOPLIST_KEY_UIApplicationSupportsIndirectInputEvents = YES;
				INFOPLIST_KEY_UILaunchScreen_Generation = YES;
				INFOPLIST_KEY_UISupportedInterfaceOrientations_iPad = "UIInterfaceOrientationPortrait UIInterfaceOrientationPortraitUpsideDown UIInterfaceOrientationLandscapeLeft UIInterfaceOrientationLandscapeRight";
				INFOPLIST_KEY_UISupportedInterfaceOrientations_iPhone = "UIInterfaceOrientationPortrait UIInterfaceOrientationLandscapeLeft UIInterfaceOrientationLandscapeRight";
				INFOPLIST_KEY_UIUserInterfaceStyle = Light;
				LD_RUNPATH_SEARCH_PATHS = (
					"$(inherited)",
					"@executable_path/Frameworks",
				);
				MARKETING_VERSION = 1.0;
				NEW_SETTING = "";
				PRODUCT_BUNDLE_IDENTIFIER = "starryfields.com.Task-a-Lyzer";
				PRODUCT_NAME = "$(TARGET_NAME)";
				SWIFT_EMIT_LOC_STRINGS = YES;
				SWIFT_VERSION = 5.0;
				TARGETED_DEVICE_FAMILY = "1,2";
			};
			name = Release;
		};
/* End XCBuildConfiguration section */

/* Begin XCConfigurationList section */
		EB936FA528454A38003EDC7B /* Build configuration list for PBXProject "Task-a-Lyzer" */ = {
			isa = XCConfigurationList;
			buildConfigurations = (
				EB936FB628454A3C003EDC7B /* Debug */,
				EB936FB728454A3C003EDC7B /* Release */,
			);
			defaultConfigurationIsVisible = 0;
			defaultConfigurationName = Release;
		};
		EB936FB828454A3C003EDC7B /* Build configuration list for PBXNativeTarget "Task-a-Lyzer" */ = {
			isa = XCConfigurationList;
			buildConfigurations = (
				EB936FB928454A3C003EDC7B /* Debug */,
				EB936FBA28454A3C003EDC7B /* Release */,
			);
			defaultConfigurationIsVisible = 0;
			defaultConfigurationName = Release;
		};
/* End XCConfigurationList section */

/* Begin XCRemoteSwiftPackageReference section */
		EB0079E7284C958E0034B3A8 /* XCRemoteSwiftPackageReference "swiftui-webview" */ = {
			isa = XCRemoteSwiftPackageReference;
			repositoryURL = "https://github.com/globulus/swiftui-webview";
			requirement = {
				kind = upToNextMajorVersion;
				minimumVersion = 1.0.0;
			};
		};
		EB42F47B284BC8EB004C82D7 /* XCRemoteSwiftPackageReference "SwiftUI-Introspect" */ = {
			isa = XCRemoteSwiftPackageReference;
			repositoryURL = "https://github.com/siteline/SwiftUI-Introspect.git";
			requirement = {
				kind = upToNextMajorVersion;
				minimumVersion = 0.1.4;
			};
		};
		EBF86D3F284BB82D00D8D069 /* XCRemoteSwiftPackageReference "SwiftUIKitView" */ = {
			isa = XCRemoteSwiftPackageReference;
			repositoryURL = "https://github.com/AvdLee/SwiftUIKitView.git";
			requirement = {
				kind = upToNextMajorVersion;
				minimumVersion = 1.0.0;
			};
		};
/* End XCRemoteSwiftPackageReference section */

/* Begin XCSwiftPackageProductDependency section */
		EB0079E8284C958E0034B3A8 /* SwiftUIWebView */ = {
			isa = XCSwiftPackageProductDependency;
			package = EB0079E7284C958E0034B3A8 /* XCRemoteSwiftPackageReference "swiftui-webview" */;
			productName = SwiftUIWebView;
		};
		EB42F47C284BC8EB004C82D7 /* Introspect */ = {
			isa = XCSwiftPackageProductDependency;
			package = EB42F47B284BC8EB004C82D7 /* XCRemoteSwiftPackageReference "SwiftUI-Introspect" */;
			productName = Introspect;
		};
		EBF86D40284BB82D00D8D069 /* SwiftUIKitView */ = {
			isa = XCSwiftPackageProductDependency;
			package = EBF86D3F284BB82D00D8D069 /* XCRemoteSwiftPackageReference "SwiftUIKitView" */;
			productName = SwiftUIKitView;
		};
/* End XCSwiftPackageProductDependency section */
	};
	rootObject = EB936FA228454A38003EDC7B /* Project object */;
}
