{
  "pins" : [
    {
      "identity" : "swiftui-introspect",
      "kind" : "remoteSourceControl",
      "location" : "https://github.com/siteline/SwiftUI-Introspect.git",
      "state" : {
        "branch" : "master",
        "revision" : "d3cbf32788250741d397cfb5bcd532c37aa1096d"
      }
    },
    {
      "identity" : "swiftui-webview",
      "kind" : "remoteSourceControl",
      "location" : "https://github.com/globulus/swiftui-webview",
      "state" : {
        "branch" : "main",
        "revision" : "0c680af957f880dc2e4b66a56a7da2187255f5f5"
      }
    },
    {
      "identity" : "swiftuikitview",
      "kind" : "remoteSourceControl",
      "location" : "https://github.com/AvdLee/SwiftUIKitView.git",
      "state" : {
        "revision" : "296bf2ccb97efed44dea76622f4a10359ce22f6a",
        "version" : "1.0.3"
      }
    }
  ],
  "version" : 2
}
